PODS:
  - Alamofire (4.8.2)
  - IQKeyboardManagerSwift (6.3.0)
  - MJPEGStreamLib (0.2.0)
  - NVActivityIndicatorView (4.7.0):
    - NVActivityIndicatorView/Presenter (= 4.7.0)
  - NVActivityIndicatorView/Presenter (4.7.0)
  - Starscream (3.1.0)
  - SwiftyJSON (4.3.0)

DEPENDENCIES:
  - Alamofire
  - IQKeyboardManagerSwift
  - MJPEGStreamLib
  - NVActivityIndicatorView
  - Starscream
  - SwiftyJSON

SPEC REPOS:
  https://github.com/cocoapods/specs.git:
    - Alamofire
    - IQKeyboardManagerSwift
    - MJPEGStreamLib
    - NVActivityIndicatorView
    - Starscream
    - SwiftyJSON

SPEC CHECKSUMS:
  Alamofire: ae5c501addb7afdbb13687d7f2f722c78734c2d3
  IQKeyboardManagerSwift: a8228c257614af98743b4cd8584637025f36358f
  MJPEGStreamLib: b6369fb6370413b9f76ef0df2c1cac985ee34bfa
  NVActivityIndicatorView: b19ddab2576f805cbe0fb2306cba3476e09a1dea
  Starscream: 08172b481e145289c4930cb567230fb55897cfa4
  SwiftyJSON: 6faa0040f8b59dead0ee07436cbf76b73c08fd08

PODFILE CHECKSUM: fae7c1925394b181e7731ae705ae30c5f8c03442

COCOAPODS: 1.6.1
