// !$*UTF8*$!
{
	archiveVersion = 1;
	classes = {
	};
	objectVersion = 50;
	objects = {

/* Begin PBXBuildFile section */
		8300E7DA2225FF0B004DA31C /* AppDelegate.swift in Sources */ = {isa = PBXBuildFile; fileRef = 8300E7D92225FF0B004DA31C /* AppDelegate.swift */; };
		8300E7DC2225FF0B004DA31C /* RootViewController.swift in Sources */ = {isa = PBXBuildFile; fileRef = 8300E7DB2225FF0B004DA31C /* RootViewController.swift */; };
		8300E7DE2225FF0B004DA31C /* DataViewController.swift in Sources */ = {isa = PBXBuildFile; fileRef = 8300E7DD2225FF0B004DA31C /* DataViewController.swift */; };
		8300E7E02225FF0B004DA31C /* ModelController.swift in Sources */ = {isa = PBXBuildFile; fileRef = 8300E7DF2225FF0B004DA31C /* ModelController.swift */; };
		8300E7E32225FF0B004DA31C /* Main.storyboard in Resources */ = {isa = PBXBuildFile; fileRef = 8300E7E12225FF0B004DA31C /* Main.storyboard */; };
		8300E7E52225FF0C004DA31C /* Assets.xcassets in Resources */ = {isa = PBXBuildFile; fileRef = 8300E7E42225FF0C004DA31C /* Assets.xcassets */; };
		8300E7E82225FF0C004DA31C /* LaunchScreen.storyboard in Resources */ = {isa = PBXBuildFile; fileRef = 8300E7E62225FF0C004DA31C /* LaunchScreen.storyboard */; };
		8300E7F32225FF0C004DA31C /* Pocket3DTests.swift in Sources */ = {isa = PBXBuildFile; fileRef = 8300E7F22225FF0C004DA31C /* Pocket3DTests.swift */; };
		8300E7FE2225FF0C004DA31C /* Pocket3DUITests.swift in Sources */ = {isa = PBXBuildFile; fileRef = 8300E7FD2225FF0C004DA31C /* Pocket3DUITests.swift */; };
		8300E80D2225FF4D004DA31C /* API.swift in Sources */ = {isa = PBXBuildFile; fileRef = 8300E80C2225FF4D004DA31C /* API.swift */; };
		B0F94C24ACDDF997EA7B3475 /* Pods_Pocket3D.framework in Frameworks */ = {isa = PBXBuildFile; fileRef = 7156480BC8DF13711F7061F0 /* Pods_Pocket3D.framework */; };
		CE7A64182228CD4500771BE3 /* LoginViewController.swift in Sources */ = {isa = PBXBuildFile; fileRef = CE7A64172228CD4500771BE3 /* LoginViewController.swift */; };
		CE7A641A2228CFBD00771BE3 /* FilesViewController.swift in Sources */ = {isa = PBXBuildFile; fileRef = CE7A64192228CFBD00771BE3 /* FilesViewController.swift */; };
		CE7A641C2228D91E00771BE3 /* StatusViewController.swift in Sources */ = {isa = PBXBuildFile; fileRef = CE7A641B2228D91E00771BE3 /* StatusViewController.swift */; };
		CEB020B6222CC5FD008AE843 /* TextFieldView.swift in Sources */ = {isa = PBXBuildFile; fileRef = CEB020B5222CC5FD008AE843 /* TextFieldView.swift */; };
		CEB020B9222CC61E008AE843 /* ButtonView.swift in Sources */ = {isa = PBXBuildFile; fileRef = CEB020B8222CC61E008AE843 /* ButtonView.swift */; };
		CEB020BB222CC7AE008AE843 /* UIExtensions.swift in Sources */ = {isa = PBXBuildFile; fileRef = CEB020BA222CC7AE008AE843 /* UIExtensions.swift */; };
		CEB020C4222D6A19008AE843 /* SF-Pro-Display-Heavy.otf in Resources */ = {isa = PBXBuildFile; fileRef = CEB020BF222CCFAF008AE843 /* SF-Pro-Display-Heavy.otf */; };
		CEB020C5222D6A19008AE843 /* SF-Pro-Display-Bold.otf in Resources */ = {isa = PBXBuildFile; fileRef = CEB020C1222CCFC6008AE843 /* SF-Pro-Display-Bold.otf */; };
		CEB020C6222D6A19008AE843 /* SF-Pro-Display-Semibold.otf in Resources */ = {isa = PBXBuildFile; fileRef = CEB020C2222CCFDC008AE843 /* SF-Pro-Display-Semibold.otf */; };
		CEB020C7222D6A19008AE843 /* SF-Pro-Display-Medium.otf in Resources */ = {isa = PBXBuildFile; fileRef = CEB020C3222CCFF3008AE843 /* SF-Pro-Display-Medium.otf */; };
		CEB020C8222D6A19008AE843 /* SF-Pro-Display-Light.otf in Resources */ = {isa = PBXBuildFile; fileRef = CEB020C0222CCFB7008AE843 /* SF-Pro-Display-Light.otf */; };
		F76D79F31FF9E34944F726EB /* Pods_Pocket3DTests.framework in Frameworks */ = {isa = PBXBuildFile; fileRef = 2F265130983652F3D43D16F7 /* Pods_Pocket3DTests.framework */; };
		FFA16124A32EF6B49F6DCE38 /* Pods_Pocket3DUITests.framework in Frameworks */ = {isa = PBXBuildFile; fileRef = 7222E2AB59DF0740DB4CF028 /* Pods_Pocket3DUITests.framework */; };
/* End PBXBuildFile section */

/* Begin PBXContainerItemProxy section */
		8300E7EF2225FF0C004DA31C /* PBXContainerItemProxy */ = {
			isa = PBXContainerItemProxy;
			containerPortal = 8300E7CE2225FF0B004DA31C /* Project object */;
			proxyType = 1;
			remoteGlobalIDString = 8300E7D52225FF0B004DA31C;
			remoteInfo = Pocket3D;
		};
		8300E7FA2225FF0C004DA31C /* PBXContainerItemProxy */ = {
			isa = PBXContainerItemProxy;
			containerPortal = 8300E7CE2225FF0B004DA31C /* Project object */;
			proxyType = 1;
			remoteGlobalIDString = 8300E7D52225FF0B004DA31C;
			remoteInfo = Pocket3D;
		};
/* End PBXContainerItemProxy section */

/* Begin PBXFileReference section */
		2F265130983652F3D43D16F7 /* Pods_Pocket3DTests.framework */ = {isa = PBXFileReference; explicitFileType = wrapper.framework; includeInIndex = 0; path = Pods_Pocket3DTests.framework; sourceTree = BUILT_PRODUCTS_DIR; };
		324C801A375BE291DD9C1A9F /* Pods-Pocket3DUITests.release.xcconfig */ = {isa = PBXFileReference; includeInIndex = 1; lastKnownFileType = text.xcconfig; name = "Pods-Pocket3DUITests.release.xcconfig"; path = "Pods/Target Support Files/Pods-Pocket3DUITests/Pods-Pocket3DUITests.release.xcconfig"; sourceTree = "<group>"; };
		642CFEBD14E025ACDF76CC6A /* Pods-Pocket3D.debug.xcconfig */ = {isa = PBXFileReference; includeInIndex = 1; lastKnownFileType = text.xcconfig; name = "Pods-Pocket3D.debug.xcconfig"; path = "Pods/Target Support Files/Pods-Pocket3D/Pods-Pocket3D.debug.xcconfig"; sourceTree = "<group>"; };
		7156480BC8DF13711F7061F0 /* Pods_Pocket3D.framework */ = {isa = PBXFileReference; explicitFileType = wrapper.framework; includeInIndex = 0; path = Pods_Pocket3D.framework; sourceTree = BUILT_PRODUCTS_DIR; };
		7222E2AB59DF0740DB4CF028 /* Pods_Pocket3DUITests.framework */ = {isa = PBXFileReference; explicitFileType = wrapper.framework; includeInIndex = 0; path = Pods_Pocket3DUITests.framework; sourceTree = BUILT_PRODUCTS_DIR; };
		8300E7D62225FF0B004DA31C /* Pocket3D.app */ = {isa = PBXFileReference; explicitFileType = wrapper.application; includeInIndex = 0; path = Pocket3D.app; sourceTree = BUILT_PRODUCTS_DIR; };
		8300E7D92225FF0B004DA31C /* AppDelegate.swift */ = {isa = PBXFileReference; lastKnownFileType = sourcecode.swift; path = AppDelegate.swift; sourceTree = "<group>"; };
		8300E7DB2225FF0B004DA31C /* RootViewController.swift */ = {isa = PBXFileReference; lastKnownFileType = sourcecode.swift; path = RootViewController.swift; sourceTree = "<group>"; };
		8300E7DD2225FF0B004DA31C /* DataViewController.swift */ = {isa = PBXFileReference; lastKnownFileType = sourcecode.swift; path = DataViewController.swift; sourceTree = "<group>"; };
		8300E7DF2225FF0B004DA31C /* ModelController.swift */ = {isa = PBXFileReference; lastKnownFileType = sourcecode.swift; path = ModelController.swift; sourceTree = "<group>"; };
		8300E7E22225FF0B004DA31C /* Base */ = {isa = PBXFileReference; lastKnownFileType = file.storyboard; name = Base; path = Base.lproj/Main.storyboard; sourceTree = "<group>"; };
		8300E7E42225FF0C004DA31C /* Assets.xcassets */ = {isa = PBXFileReference; lastKnownFileType = folder.assetcatalog; path = Assets.xcassets; sourceTree = "<group>"; };
		8300E7E72225FF0C004DA31C /* Base */ = {isa = PBXFileReference; lastKnownFileType = file.storyboard; name = Base; path = Base.lproj/LaunchScreen.storyboard; sourceTree = "<group>"; };
		8300E7E92225FF0C004DA31C /* Info.plist */ = {isa = PBXFileReference; lastKnownFileType = text.plist.xml; path = Info.plist; sourceTree = "<group>"; };
		8300E7EE2225FF0C004DA31C /* Pocket3DTests.xctest */ = {isa = PBXFileReference; explicitFileType = wrapper.cfbundle; includeInIndex = 0; path = Pocket3DTests.xctest; sourceTree = BUILT_PRODUCTS_DIR; };
		8300E7F22225FF0C004DA31C /* Pocket3DTests.swift */ = {isa = PBXFileReference; lastKnownFileType = sourcecode.swift; path = Pocket3DTests.swift; sourceTree = "<group>"; };
		8300E7F42225FF0C004DA31C /* Info.plist */ = {isa = PBXFileReference; lastKnownFileType = text.plist.xml; path = Info.plist; sourceTree = "<group>"; };
		8300E7F92225FF0C004DA31C /* Pocket3DUITests.xctest */ = {isa = PBXFileReference; explicitFileType = wrapper.cfbundle; includeInIndex = 0; path = Pocket3DUITests.xctest; sourceTree = BUILT_PRODUCTS_DIR; };
		8300E7FD2225FF0C004DA31C /* Pocket3DUITests.swift */ = {isa = PBXFileReference; lastKnownFileType = sourcecode.swift; path = Pocket3DUITests.swift; sourceTree = "<group>"; };
		8300E7FF2225FF0C004DA31C /* Info.plist */ = {isa = PBXFileReference; lastKnownFileType = text.plist.xml; path = Info.plist; sourceTree = "<group>"; };
		8300E80C2225FF4D004DA31C /* API.swift */ = {isa = PBXFileReference; lastKnownFileType = sourcecode.swift; path = API.swift; sourceTree = "<group>"; };
		CCA0722FDBF771048CF69280 /* Pods-Pocket3DTests.debug.xcconfig */ = {isa = PBXFileReference; includeInIndex = 1; lastKnownFileType = text.xcconfig; name = "Pods-Pocket3DTests.debug.xcconfig"; path = "Pods/Target Support Files/Pods-Pocket3DTests/Pods-Pocket3DTests.debug.xcconfig"; sourceTree = "<group>"; };
		CE7A64172228CD4500771BE3 /* LoginViewController.swift */ = {isa = PBXFileReference; lastKnownFileType = sourcecode.swift; path = LoginViewController.swift; sourceTree = "<group>"; };
		CE7A64192228CFBD00771BE3 /* FilesViewController.swift */ = {isa = PBXFileReference; lastKnownFileType = sourcecode.swift; path = FilesViewController.swift; sourceTree = "<group>"; };
		CE7A641B2228D91E00771BE3 /* StatusViewController.swift */ = {isa = PBXFileReference; lastKnownFileType = sourcecode.swift; path = StatusViewController.swift; sourceTree = "<group>"; };
		CEB020B5222CC5FD008AE843 /* TextFieldView.swift */ = {isa = PBXFileReference; lastKnownFileType = sourcecode.swift; path = TextFieldView.swift; sourceTree = "<group>"; };
		CEB020B8222CC61E008AE843 /* ButtonView.swift */ = {isa = PBXFileReference; lastKnownFileType = sourcecode.swift; path = ButtonView.swift; sourceTree = "<group>"; };
		CEB020BA222CC7AE008AE843 /* UIExtensions.swift */ = {isa = PBXFileReference; lastKnownFileType = sourcecode.swift; path = UIExtensions.swift; sourceTree = "<group>"; };
		CEB020BF222CCFAF008AE843 /* SF-Pro-Display-Heavy.otf */ = {isa = PBXFileReference; lastKnownFileType = file; path = "SF-Pro-Display-Heavy.otf"; sourceTree = "<group>"; };
		CEB020C0222CCFB7008AE843 /* SF-Pro-Display-Light.otf */ = {isa = PBXFileReference; lastKnownFileType = file; path = "SF-Pro-Display-Light.otf"; sourceTree = "<group>"; };
		CEB020C1222CCFC6008AE843 /* SF-Pro-Display-Bold.otf */ = {isa = PBXFileReference; lastKnownFileType = file; path = "SF-Pro-Display-Bold.otf"; sourceTree = "<group>"; };
		CEB020C2222CCFDC008AE843 /* SF-Pro-Display-Semibold.otf */ = {isa = PBXFileReference; lastKnownFileType = file; path = "SF-Pro-Display-Semibold.otf"; sourceTree = "<group>"; };
		CEB020C3222CCFF3008AE843 /* SF-Pro-Display-Medium.otf */ = {isa = PBXFileReference; lastKnownFileType = file; path = "SF-Pro-Display-Medium.otf"; sourceTree = "<group>"; };
		EAB6F072A660FDD343D6E992 /* Pods-Pocket3D.release.xcconfig */ = {isa = PBXFileReference; includeInIndex = 1; lastKnownFileType = text.xcconfig; name = "Pods-Pocket3D.release.xcconfig"; path = "Pods/Target Support Files/Pods-Pocket3D/Pods-Pocket3D.release.xcconfig"; sourceTree = "<group>"; };
		EE5BE617055E6F8A20F9E253 /* Pods-Pocket3DTests.release.xcconfig */ = {isa = PBXFileReference; includeInIndex = 1; lastKnownFileType = text.xcconfig; name = "Pods-Pocket3DTests.release.xcconfig"; path = "Pods/Target Support Files/Pods-Pocket3DTests/Pods-Pocket3DTests.release.xcconfig"; sourceTree = "<group>"; };
		FF6A78D9265D9A6EB825877D /* Pods-Pocket3DUITests.debug.xcconfig */ = {isa = PBXFileReference; includeInIndex = 1; lastKnownFileType = text.xcconfig; name = "Pods-Pocket3DUITests.debug.xcconfig"; path = "Pods/Target Support Files/Pods-Pocket3DUITests/Pods-Pocket3DUITests.debug.xcconfig"; sourceTree = "<group>"; };
/* End PBXFileReference section */

/* Begin PBXFrameworksBuildPhase section */
		8300E7D32225FF0B004DA31C /* Frameworks */ = {
			isa = PBXFrameworksBuildPhase;
			buildActionMask = 2147483647;
			files = (
				B0F94C24ACDDF997EA7B3475 /* Pods_Pocket3D.framework in Frameworks */,
			);
			runOnlyForDeploymentPostprocessing = 0;
		};
		8300E7EB2225FF0C004DA31C /* Frameworks */ = {
			isa = PBXFrameworksBuildPhase;
			buildActionMask = 2147483647;
			files = (
				F76D79F31FF9E34944F726EB /* Pods_Pocket3DTests.framework in Frameworks */,
			);
			runOnlyForDeploymentPostprocessing = 0;
		};
		8300E7F62225FF0C004DA31C /* Frameworks */ = {
			isa = PBXFrameworksBuildPhase;
			buildActionMask = 2147483647;
			files = (
				FFA16124A32EF6B49F6DCE38 /* Pods_Pocket3DUITests.framework in Frameworks */,
			);
			runOnlyForDeploymentPostprocessing = 0;
		};
/* End PBXFrameworksBuildPhase section */

/* Begin PBXGroup section */
		371B95191B3A7BCDCE79FE12 /* Frameworks */ = {
			isa = PBXGroup;
			children = (
				7156480BC8DF13711F7061F0 /* Pods_Pocket3D.framework */,
				2F265130983652F3D43D16F7 /* Pods_Pocket3DTests.framework */,
				7222E2AB59DF0740DB4CF028 /* Pods_Pocket3DUITests.framework */,
			);
			name = Frameworks;
			sourceTree = "<group>";
		};
		3A92BE4221788CB4EA37CFAF /* Pods */ = {
			isa = PBXGroup;
			children = (
				642CFEBD14E025ACDF76CC6A /* Pods-Pocket3D.debug.xcconfig */,
				EAB6F072A660FDD343D6E992 /* Pods-Pocket3D.release.xcconfig */,
				CCA0722FDBF771048CF69280 /* Pods-Pocket3DTests.debug.xcconfig */,
				EE5BE617055E6F8A20F9E253 /* Pods-Pocket3DTests.release.xcconfig */,
				FF6A78D9265D9A6EB825877D /* Pods-Pocket3DUITests.debug.xcconfig */,
				324C801A375BE291DD9C1A9F /* Pods-Pocket3DUITests.release.xcconfig */,
			);
			name = Pods;
			sourceTree = "<group>";
		};
		8300E7CD2225FF0B004DA31C = {
			isa = PBXGroup;
			children = (
				8300E7D82225FF0B004DA31C /* Pocket3D */,
				8300E7F12225FF0C004DA31C /* Pocket3DTests */,
				8300E7FC2225FF0C004DA31C /* Pocket3DUITests */,
				8300E7D72225FF0B004DA31C /* Products */,
				3A92BE4221788CB4EA37CFAF /* Pods */,
				371B95191B3A7BCDCE79FE12 /* Frameworks */,
			);
			sourceTree = "<group>";
		};
		8300E7D72225FF0B004DA31C /* Products */ = {
			isa = PBXGroup;
			children = (
				8300E7D62225FF0B004DA31C /* Pocket3D.app */,
				8300E7EE2225FF0C004DA31C /* Pocket3DTests.xctest */,
				8300E7F92225FF0C004DA31C /* Pocket3DUITests.xctest */,
			);
			name = Products;
			sourceTree = "<group>";
		};
		8300E7D82225FF0B004DA31C /* Pocket3D */ = {
			isa = PBXGroup;
			children = (
				CEB020BD222CCC2F008AE843 /* Status */,
				CEB020BC222CCC23008AE843 /* Files */,
				CEB020B7222CC605008AE843 /* GlobalUI */,
				CEB020B3222CC4E5008AE843 /* Login */,
				8300E80B2225FF21004DA31C /* API */,
				8300E7D92225FF0B004DA31C /* AppDelegate.swift */,
				8300E7DB2225FF0B004DA31C /* RootViewController.swift */,
				8300E7DD2225FF0B004DA31C /* DataViewController.swift */,
				8300E7DF2225FF0B004DA31C /* ModelController.swift */,
				8300E7E12225FF0B004DA31C /* Main.storyboard */,
				8300E7E42225FF0C004DA31C /* Assets.xcassets */,
				8300E7E62225FF0C004DA31C /* LaunchScreen.storyboard */,
				8300E7E92225FF0C004DA31C /* Info.plist */,
			);
			path = Pocket3D;
			sourceTree = "<group>";
		};
		8300E7F12225FF0C004DA31C /* Pocket3DTests */ = {
			isa = PBXGroup;
			children = (
				8300E7F22225FF0C004DA31C /* Pocket3DTests.swift */,
				8300E7F42225FF0C004DA31C /* Info.plist */,
			);
			path = Pocket3DTests;
			sourceTree = "<group>";
		};
		8300E7FC2225FF0C004DA31C /* Pocket3DUITests */ = {
			isa = PBXGroup;
			children = (
				8300E7FD2225FF0C004DA31C /* Pocket3DUITests.swift */,
				8300E7FF2225FF0C004DA31C /* Info.plist */,
			);
			path = Pocket3DUITests;
			sourceTree = "<group>";
		};
		8300E80B2225FF21004DA31C /* API */ = {
			isa = PBXGroup;
			children = (
				8300E80C2225FF4D004DA31C /* API.swift */,
			);
			path = API;
			sourceTree = "<group>";
		};
		CEB020B3222CC4E5008AE843 /* Login */ = {
			isa = PBXGroup;
			children = (
				CEB020B4222CC5CC008AE843 /* Views */,
				CE7A64172228CD4500771BE3 /* LoginViewController.swift */,
			);
			path = Login;
			sourceTree = "<group>";
		};
		CEB020B4222CC5CC008AE843 /* Views */ = {
			isa = PBXGroup;
			children = (
				CEB020B5222CC5FD008AE843 /* TextFieldView.swift */,
			);
			path = Views;
			sourceTree = "<group>";
		};
		CEB020B7222CC605008AE843 /* GlobalUI */ = {
			isa = PBXGroup;
			children = (
				CEB020BE222CCFA0008AE843 /* Fonts */,
				CEB020B8222CC61E008AE843 /* ButtonView.swift */,
				CEB020BA222CC7AE008AE843 /* UIExtensions.swift */,
			);
			path = GlobalUI;
			sourceTree = "<group>";
		};
		CEB020BC222CCC23008AE843 /* Files */ = {
			isa = PBXGroup;
			children = (
				CE7A64192228CFBD00771BE3 /* FilesViewController.swift */,
			);
			path = Files;
			sourceTree = "<group>";
		};
		CEB020BD222CCC2F008AE843 /* Status */ = {
			isa = PBXGroup;
			children = (
				CE7A641B2228D91E00771BE3 /* StatusViewController.swift */,
			);
			path = Status;
			sourceTree = "<group>";
		};
		CEB020BE222CCFA0008AE843 /* Fonts */ = {
			isa = PBXGroup;
			children = (
				CEB020BF222CCFAF008AE843 /* SF-Pro-Display-Heavy.otf */,
				CEB020C1222CCFC6008AE843 /* SF-Pro-Display-Bold.otf */,
				CEB020C2222CCFDC008AE843 /* SF-Pro-Display-Semibold.otf */,
				CEB020C3222CCFF3008AE843 /* SF-Pro-Display-Medium.otf */,
				CEB020C0222CCFB7008AE843 /* SF-Pro-Display-Light.otf */,
			);
			path = Fonts;
			sourceTree = "<group>";
		};
/* End PBXGroup section */

/* Begin PBXNativeTarget section */
		8300E7D52225FF0B004DA31C /* Pocket3D */ = {
			isa = PBXNativeTarget;
			buildConfigurationList = 8300E8022225FF0C004DA31C /* Build configuration list for PBXNativeTarget "Pocket3D" */;
			buildPhases = (
				7D884C159B0BF2E05032110E /* [CP] Check Pods Manifest.lock */,
				8300E7D22225FF0B004DA31C /* Sources */,
				8300E7D32225FF0B004DA31C /* Frameworks */,
				8300E7D42225FF0B004DA31C /* Resources */,
				D9C648486D800F78C1A3A420 /* [CP] Embed Pods Frameworks */,
				BF4F9C101DAA7A5F801E2638 /* [CP] Copy Pods Resources */,
			);
			buildRules = (
			);
			dependencies = (
			);
			name = Pocket3D;
			productName = Pocket3D;
			productReference = 8300E7D62225FF0B004DA31C /* Pocket3D.app */;
			productType = "com.apple.product-type.application";
		};
		8300E7ED2225FF0C004DA31C /* Pocket3DTests */ = {
			isa = PBXNativeTarget;
			buildConfigurationList = 8300E8052225FF0C004DA31C /* Build configuration list for PBXNativeTarget "Pocket3DTests" */;
			buildPhases = (
				1D9B06EA4FD6B6E8DFA96CEE /* [CP] Check Pods Manifest.lock */,
				8300E7EA2225FF0C004DA31C /* Sources */,
				8300E7EB2225FF0C004DA31C /* Frameworks */,
				8300E7EC2225FF0C004DA31C /* Resources */,
				DAA238CD28BC2F5AF8AE0E9F /* [CP] Embed Pods Frameworks */,
				0D145D1BC417980E68C80602 /* [CP] Copy Pods Resources */,
			);
			buildRules = (
			);
			dependencies = (
				8300E7F02225FF0C004DA31C /* PBXTargetDependency */,
			);
			name = Pocket3DTests;
			productName = Pocket3DTests;
			productReference = 8300E7EE2225FF0C004DA31C /* Pocket3DTests.xctest */;
			productType = "com.apple.product-type.bundle.unit-test";
		};
		8300E7F82225FF0C004DA31C /* Pocket3DUITests */ = {
			isa = PBXNativeTarget;
			buildConfigurationList = 8300E8082225FF0C004DA31C /* Build configuration list for PBXNativeTarget "Pocket3DUITests" */;
			buildPhases = (
				7DDD0F71973431916479C3E8 /* [CP] Check Pods Manifest.lock */,
				8300E7F52225FF0C004DA31C /* Sources */,
				8300E7F62225FF0C004DA31C /* Frameworks */,
				8300E7F72225FF0C004DA31C /* Resources */,
				83054AAC2678C6AF4176719C /* [CP] Embed Pods Frameworks */,
				C393EA57E4A9CB6CE69D0CA0 /* [CP] Copy Pods Resources */,
			);
			buildRules = (
			);
			dependencies = (
				8300E7FB2225FF0C004DA31C /* PBXTargetDependency */,
			);
			name = Pocket3DUITests;
			productName = Pocket3DUITests;
			productReference = 8300E7F92225FF0C004DA31C /* Pocket3DUITests.xctest */;
			productType = "com.apple.product-type.bundle.ui-testing";
		};
/* End PBXNativeTarget section */

/* Begin PBXProject section */
		8300E7CE2225FF0B004DA31C /* Project object */ = {
			isa = PBXProject;
			attributes = {
				LastSwiftUpdateCheck = 1010;
				LastUpgradeCheck = 1010;
				ORGANIZATIONNAME = "Team 2";
				TargetAttributes = {
					8300E7D52225FF0B004DA31C = {
						CreatedOnToolsVersion = 10.1;
					};
					8300E7ED2225FF0C004DA31C = {
						CreatedOnToolsVersion = 10.1;
						TestTargetID = 8300E7D52225FF0B004DA31C;
					};
					8300E7F82225FF0C004DA31C = {
						CreatedOnToolsVersion = 10.1;
						TestTargetID = 8300E7D52225FF0B004DA31C;
					};
				};
			};
			buildConfigurationList = 8300E7D12225FF0B004DA31C /* Build configuration list for PBXProject "Pocket3D" */;
			compatibilityVersion = "Xcode 9.3";
			developmentRegion = en;
			hasScannedForEncodings = 0;
			knownRegions = (
				en,
				Base,
			);
			mainGroup = 8300E7CD2225FF0B004DA31C;
			productRefGroup = 8300E7D72225FF0B004DA31C /* Products */;
			projectDirPath = "";
			projectRoot = "";
			targets = (
				8300E7D52225FF0B004DA31C /* Pocket3D */,
				8300E7ED2225FF0C004DA31C /* Pocket3DTests */,
				8300E7F82225FF0C004DA31C /* Pocket3DUITests */,
			);
		};
/* End PBXProject section */

/* Begin PBXResourcesBuildPhase section */
		8300E7D42225FF0B004DA31C /* Resources */ = {
			isa = PBXResourcesBuildPhase;
			buildActionMask = 2147483647;
			files = (
				CEB020C4222D6A19008AE843 /* SF-Pro-Display-Heavy.otf in Resources */,
				CEB020C5222D6A19008AE843 /* SF-Pro-Display-Bold.otf in Resources */,
				CEB020C6222D6A19008AE843 /* SF-Pro-Display-Semibold.otf in Resources */,
				CEB020C7222D6A19008AE843 /* SF-Pro-Display-Medium.otf in Resources */,
				CEB020C8222D6A19008AE843 /* SF-Pro-Display-Light.otf in Resources */,
				8300E7E82225FF0C004DA31C /* LaunchScreen.storyboard in Resources */,
				8300E7E52225FF0C004DA31C /* Assets.xcassets in Resources */,
				8300E7E32225FF0B004DA31C /* Main.storyboard in Resources */,
			);
			runOnlyForDeploymentPostprocessing = 0;
		};
		8300E7EC2225FF0C004DA31C /* Resources */ = {
			isa = PBXResourcesBuildPhase;
			buildActionMask = 2147483647;
			files = (
			);
			runOnlyForDeploymentPostprocessing = 0;
		};
		8300E7F72225FF0C004DA31C /* Resources */ = {
			isa = PBXResourcesBuildPhase;
			buildActionMask = 2147483647;
			files = (
			);
			runOnlyForDeploymentPostprocessing = 0;
		};
/* End PBXResourcesBuildPhase section */

/* Begin PBXShellScriptBuildPhase section */
		0D145D1BC417980E68C80602 /* [CP] Copy Pods Resources */ = {
			isa = PBXShellScriptBuildPhase;
			buildActionMask = 2147483647;
			files = (
			);
			inputPaths = (
			);
			name = "[CP] Copy Pods Resources";
			outputPaths = (
			);
			runOnlyForDeploymentPostprocessing = 0;
			shellPath = /bin/sh;
			shellScript = "\"${SRCROOT}/Pods/Target Support Files/Pods-Pocket3DTests/Pods-Pocket3DTests-resources.sh\"\n";
			showEnvVarsInLog = 0;
		};
		1D9B06EA4FD6B6E8DFA96CEE /* [CP] Check Pods Manifest.lock */ = {
			isa = PBXShellScriptBuildPhase;
			buildActionMask = 2147483647;
			files = (
			);
			inputPaths = (
				"${PODS_PODFILE_DIR_PATH}/Podfile.lock",
				"${PODS_ROOT}/Manifest.lock",
			);
			name = "[CP] Check Pods Manifest.lock";
			outputPaths = (
				"$(DERIVED_FILE_DIR)/Pods-Pocket3DTests-checkManifestLockResult.txt",
			);
			runOnlyForDeploymentPostprocessing = 0;
			shellPath = /bin/sh;
			shellScript = "diff \"${PODS_PODFILE_DIR_PATH}/Podfile.lock\" \"${PODS_ROOT}/Manifest.lock\" > /dev/null\nif [ $? != 0 ] ; then\n    # print error to STDERR\n    echo \"error: The sandbox is not in sync with the Podfile.lock. Run 'pod install' or update your CocoaPods installation.\" >&2\n    exit 1\nfi\n# This output is used by Xcode 'outputs' to avoid re-running this script phase.\necho \"SUCCESS\" > \"${SCRIPT_OUTPUT_FILE_0}\"\n";
			showEnvVarsInLog = 0;
		};
		7D884C159B0BF2E05032110E /* [CP] Check Pods Manifest.lock */ = {
			isa = PBXShellScriptBuildPhase;
			buildActionMask = 2147483647;
			files = (
			);
			inputPaths = (
				"${PODS_PODFILE_DIR_PATH}/Podfile.lock",
				"${PODS_ROOT}/Manifest.lock",
			);
			name = "[CP] Check Pods Manifest.lock";
			outputPaths = (
				"$(DERIVED_FILE_DIR)/Pods-Pocket3D-checkManifestLockResult.txt",
			);
			runOnlyForDeploymentPostprocessing = 0;
			shellPath = /bin/sh;
			shellScript = "diff \"${PODS_PODFILE_DIR_PATH}/Podfile.lock\" \"${PODS_ROOT}/Manifest.lock\" > /dev/null\nif [ $? != 0 ] ; then\n    # print error to STDERR\n    echo \"error: The sandbox is not in sync with the Podfile.lock. Run 'pod install' or update your CocoaPods installation.\" >&2\n    exit 1\nfi\n# This output is used by Xcode 'outputs' to avoid re-running this script phase.\necho \"SUCCESS\" > \"${SCRIPT_OUTPUT_FILE_0}\"\n";
			showEnvVarsInLog = 0;
		};
		7DDD0F71973431916479C3E8 /* [CP] Check Pods Manifest.lock */ = {
			isa = PBXShellScriptBuildPhase;
			buildActionMask = 2147483647;
			files = (
			);
			inputPaths = (
				"${PODS_PODFILE_DIR_PATH}/Podfile.lock",
				"${PODS_ROOT}/Manifest.lock",
			);
			name = "[CP] Check Pods Manifest.lock";
			outputPaths = (
				"$(DERIVED_FILE_DIR)/Pods-Pocket3DUITests-checkManifestLockResult.txt",
			);
			runOnlyForDeploymentPostprocessing = 0;
			shellPath = /bin/sh;
			shellScript = "diff \"${PODS_PODFILE_DIR_PATH}/Podfile.lock\" \"${PODS_ROOT}/Manifest.lock\" > /dev/null\nif [ $? != 0 ] ; then\n    # print error to STDERR\n    echo \"error: The sandbox is not in sync with the Podfile.lock. Run 'pod install' or update your CocoaPods installation.\" >&2\n    exit 1\nfi\n# This output is used by Xcode 'outputs' to avoid re-running this script phase.\necho \"SUCCESS\" > \"${SCRIPT_OUTPUT_FILE_0}\"\n";
			showEnvVarsInLog = 0;
		};
		83054AAC2678C6AF4176719C /* [CP] Embed Pods Frameworks */ = {
			isa = PBXShellScriptBuildPhase;
			buildActionMask = 2147483647;
			files = (
			);
			inputPaths = (
			);
			name = "[CP] Embed Pods Frameworks";
			outputPaths = (
			);
			runOnlyForDeploymentPostprocessing = 0;
			shellPath = /bin/sh;
			shellScript = "\"${SRCROOT}/Pods/Target Support Files/Pods-Pocket3DUITests/Pods-Pocket3DUITests-frameworks.sh\"\n";
			showEnvVarsInLog = 0;
		};
		BF4F9C101DAA7A5F801E2638 /* [CP] Copy Pods Resources */ = {
			isa = PBXShellScriptBuildPhase;
			buildActionMask = 2147483647;
			files = (
			);
			inputPaths = (
			);
			name = "[CP] Copy Pods Resources";
			outputPaths = (
			);
			runOnlyForDeploymentPostprocessing = 0;
			shellPath = /bin/sh;
			shellScript = "\"${SRCROOT}/Pods/Target Support Files/Pods-Pocket3D/Pods-Pocket3D-resources.sh\"\n";
			showEnvVarsInLog = 0;
		};
		C393EA57E4A9CB6CE69D0CA0 /* [CP] Copy Pods Resources */ = {
			isa = PBXShellScriptBuildPhase;
			buildActionMask = 2147483647;
			files = (
			);
			inputPaths = (
			);
			name = "[CP] Copy Pods Resources";
			outputPaths = (
			);
			runOnlyForDeploymentPostprocessing = 0;
			shellPath = /bin/sh;
			shellScript = "\"${SRCROOT}/Pods/Target Support Files/Pods-Pocket3DUITests/Pods-Pocket3DUITests-resources.sh\"\n";
			showEnvVarsInLog = 0;
		};
		D9C648486D800F78C1A3A420 /* [CP] Embed Pods Frameworks */ = {
			isa = PBXShellScriptBuildPhase;
			buildActionMask = 2147483647;
			files = (
			);
			inputPaths = (
				"${SRCROOT}/Pods/Target Support Files/Pods-Pocket3D/Pods-Pocket3D-frameworks.sh",
				"${BUILT_PRODUCTS_DIR}/Alamofire/Alamofire.framework",
				"${BUILT_PRODUCTS_DIR}/SwiftyJSON/SwiftyJSON.framework",
			);
			name = "[CP] Embed Pods Frameworks";
			outputPaths = (
				"${TARGET_BUILD_DIR}/${FRAMEWORKS_FOLDER_PATH}/Alamofire.framework",
				"${TARGET_BUILD_DIR}/${FRAMEWORKS_FOLDER_PATH}/SwiftyJSON.framework",
			);
			runOnlyForDeploymentPostprocessing = 0;
			shellPath = /bin/sh;
			shellScript = "\"${SRCROOT}/Pods/Target Support Files/Pods-Pocket3D/Pods-Pocket3D-frameworks.sh\"\n";
			showEnvVarsInLog = 0;
		};
		DAA238CD28BC2F5AF8AE0E9F /* [CP] Embed Pods Frameworks */ = {
			isa = PBXShellScriptBuildPhase;
			buildActionMask = 2147483647;
			files = (
			);
			inputPaths = (
			);
			name = "[CP] Embed Pods Frameworks";
			outputPaths = (
			);
			runOnlyForDeploymentPostprocessing = 0;
			shellPath = /bin/sh;
			shellScript = "\"${SRCROOT}/Pods/Target Support Files/Pods-Pocket3DTests/Pods-Pocket3DTests-frameworks.sh\"\n";
			showEnvVarsInLog = 0;
		};
/* End PBXShellScriptBuildPhase section */

/* Begin PBXSourcesBuildPhase section */
		8300E7D22225FF0B004DA31C /* Sources */ = {
			isa = PBXSourcesBuildPhase;
			buildActionMask = 2147483647;
			files = (
				CE7A641C2228D91E00771BE3 /* StatusViewController.swift in Sources */,
				CE7A64182228CD4500771BE3 /* LoginViewController.swift in Sources */,
				CEB020B9222CC61E008AE843 /* ButtonView.swift in Sources */,
				8300E7DC2225FF0B004DA31C /* RootViewController.swift in Sources */,
				CE7A641A2228CFBD00771BE3 /* FilesViewController.swift in Sources */,
				8300E7E02225FF0B004DA31C /* ModelController.swift in Sources */,
				CEB020BB222CC7AE008AE843 /* UIExtensions.swift in Sources */,
				8300E7DE2225FF0B004DA31C /* DataViewController.swift in Sources */,
				8300E7DA2225FF0B004DA31C /* AppDelegate.swift in Sources */,
				8300E80D2225FF4D004DA31C /* API.swift in Sources */,
				CEB020B6222CC5FD008AE843 /* TextFieldView.swift in Sources */,
			);
			runOnlyForDeploymentPostprocessing = 0;
		};
		8300E7EA2225FF0C004DA31C /* Sources */ = {
			isa = PBXSourcesBuildPhase;
			buildActionMask = 2147483647;
			files = (
				8300E7F32225FF0C004DA31C /* Pocket3DTests.swift in Sources */,
			);
			runOnlyForDeploymentPostprocessing = 0;
		};
		8300E7F52225FF0C004DA31C /* Sources */ = {
			isa = PBXSourcesBuildPhase;
			buildActionMask = 2147483647;
			files = (
				8300E7FE2225FF0C004DA31C /* Pocket3DUITests.swift in Sources */,
			);
			runOnlyForDeploymentPostprocessing = 0;
		};
/* End PBXSourcesBuildPhase section */

/* Begin PBXTargetDependency section */
		8300E7F02225FF0C004DA31C /* PBXTargetDependency */ = {
			isa = PBXTargetDependency;
			target = 8300E7D52225FF0B004DA31C /* Pocket3D */;
			targetProxy = 8300E7EF2225FF0C004DA31C /* PBXContainerItemProxy */;
		};
		8300E7FB2225FF0C004DA31C /* PBXTargetDependency */ = {
			isa = PBXTargetDependency;
			target = 8300E7D52225FF0B004DA31C /* Pocket3D */;
			targetProxy = 8300E7FA2225FF0C004DA31C /* PBXContainerItemProxy */;
		};
/* End PBXTargetDependency section */

/* Begin PBXVariantGroup section */
		8300E7E12225FF0B004DA31C /* Main.storyboard */ = {
			isa = PBXVariantGroup;
			children = (
				8300E7E22225FF0B004DA31C /* Base */,
			);
			name = Main.storyboard;
			sourceTree = "<group>";
		};
		8300E7E62225FF0C004DA31C /* LaunchScreen.storyboard */ = {
			isa = PBXVariantGroup;
			children = (
				8300E7E72225FF0C004DA31C /* Base */,
			);
			name = LaunchScreen.storyboard;
			sourceTree = "<group>";
		};
/* End PBXVariantGroup section */

/* Begin XCBuildConfiguration section */
		8300E8002225FF0C004DA31C /* Debug */ = {
			isa = XCBuildConfiguration;
			buildSettings = {
				ALWAYS_SEARCH_USER_PATHS = NO;
				CLANG_ANALYZER_NONNULL = YES;
				CLANG_ANALYZER_NUMBER_OBJECT_CONVERSION = YES_AGGRESSIVE;
				CLANG_CXX_LANGUAGE_STANDARD = "gnu++14";
				CLANG_CXX_LIBRARY = "libc++";
				CLANG_ENABLE_MODULES = YES;
				CLANG_ENABLE_OBJC_ARC = YES;
				CLANG_ENABLE_OBJC_WEAK = YES;
				CLANG_WARN_BLOCK_CAPTURE_AUTORELEASING = YES;
				CLANG_WARN_BOOL_CONVERSION = YES;
				CLANG_WARN_COMMA = YES;
				CLANG_WARN_CONSTANT_CONVERSION = YES;
				CLANG_WARN_DEPRECATED_OBJC_IMPLEMENTATIONS = YES;
				CLANG_WARN_DIRECT_OBJC_ISA_USAGE = YES_ERROR;
				CLANG_WARN_DOCUMENTATION_COMMENTS = YES;
				CLANG_WARN_EMPTY_BODY = YES;
				CLANG_WARN_ENUM_CONVERSION = YES;
				CLANG_WARN_INFINITE_RECURSION = YES;
				CLANG_WARN_INT_CONVERSION = YES;
				CLANG_WARN_NON_LITERAL_NULL_CONVERSION = YES;
				CLANG_WARN_OBJC_IMPLICIT_RETAIN_SELF = YES;
				CLANG_WARN_OBJC_LITERAL_CONVERSION = YES;
				CLANG_WARN_OBJC_ROOT_CLASS = YES_ERROR;
				CLANG_WARN_RANGE_LOOP_ANALYSIS = YES;
				CLANG_WARN_STRICT_PROTOTYPES = YES;
				CLANG_WARN_SUSPICIOUS_MOVE = YES;
				CLANG_WARN_UNGUARDED_AVAILABILITY = YES_AGGRESSIVE;
				CLANG_WARN_UNREACHABLE_CODE = YES;
				CLANG_WARN__DUPLICATE_METHOD_MATCH = YES;
				CODE_SIGN_IDENTITY = "iPhone Developer";
				COPY_PHASE_STRIP = NO;
				DEBUG_INFORMATION_FORMAT = dwarf;
				ENABLE_STRICT_OBJC_MSGSEND = YES;
				ENABLE_TESTABILITY = YES;
				GCC_C_LANGUAGE_STANDARD = gnu11;
				GCC_DYNAMIC_NO_PIC = NO;
				GCC_NO_COMMON_BLOCKS = YES;
				GCC_OPTIMIZATION_LEVEL = 0;
				GCC_PREPROCESSOR_DEFINITIONS = (
					"DEBUG=1",
					"$(inherited)",
				);
				GCC_WARN_64_TO_32_BIT_CONVERSION = YES;
				GCC_WARN_ABOUT_RETURN_TYPE = YES_ERROR;
				GCC_WARN_UNDECLARED_SELECTOR = YES;
				GCC_WARN_UNINITIALIZED_AUTOS = YES_AGGRESSIVE;
				GCC_WARN_UNUSED_FUNCTION = YES;
				GCC_WARN_UNUSED_VARIABLE = YES;
				IPHONEOS_DEPLOYMENT_TARGET = 12.1;
				MTL_ENABLE_DEBUG_INFO = INCLUDE_SOURCE;
				MTL_FAST_MATH = YES;
				ONLY_ACTIVE_ARCH = YES;
				SDKROOT = iphoneos;
				SWIFT_ACTIVE_COMPILATION_CONDITIONS = DEBUG;
				SWIFT_OPTIMIZATION_LEVEL = "-Onone";
			};
			name = Debug;
		};
		8300E8012225FF0C004DA31C /* Release */ = {
			isa = XCBuildConfiguration;
			buildSettings = {
				ALWAYS_SEARCH_USER_PATHS = NO;
				CLANG_ANALYZER_NONNULL = YES;
				CLANG_ANALYZER_NUMBER_OBJECT_CONVERSION = YES_AGGRESSIVE;
				CLANG_CXX_LANGUAGE_STANDARD = "gnu++14";
				CLANG_CXX_LIBRARY = "libc++";
				CLANG_ENABLE_MODULES = YES;
				CLANG_ENABLE_OBJC_ARC = YES;
				CLANG_ENABLE_OBJC_WEAK = YES;
				CLANG_WARN_BLOCK_CAPTURE_AUTORELEASING = YES;
				CLANG_WARN_BOOL_CONVERSION = YES;
				CLANG_WARN_COMMA = YES;
				CLANG_WARN_CONSTANT_CONVERSION = YES;
				CLANG_WARN_DEPRECATED_OBJC_IMPLEMENTATIONS = YES;
				CLANG_WARN_DIRECT_OBJC_ISA_USAGE = YES_ERROR;
				CLANG_WARN_DOCUMENTATION_COMMENTS = YES;
				CLANG_WARN_EMPTY_BODY = YES;
				CLANG_WARN_ENUM_CONVERSION = YES;
				CLANG_WARN_INFINITE_RECURSION = YES;
				CLANG_WARN_INT_CONVERSION = YES;
				CLANG_WARN_NON_LITERAL_NULL_CONVERSION = YES;
				CLANG_WARN_OBJC_IMPLICIT_RETAIN_SELF = YES;
				CLANG_WARN_OBJC_LITERAL_CONVERSION = YES;
				CLANG_WARN_OBJC_ROOT_CLASS = YES_ERROR;
				CLANG_WARN_RANGE_LOOP_ANALYSIS = YES;
				CLANG_WARN_STRICT_PROTOTYPES = YES;
				CLANG_WARN_SUSPICIOUS_MOVE = YES;
				CLANG_WARN_UNGUARDED_AVAILABILITY = YES_AGGRESSIVE;
				CLANG_WARN_UNREACHABLE_CODE = YES;
				CLANG_WARN__DUPLICATE_METHOD_MATCH = YES;
				CODE_SIGN_IDENTITY = "iPhone Developer";
				COPY_PHASE_STRIP = NO;
				DEBUG_INFORMATION_FORMAT = "dwarf-with-dsym";
				ENABLE_NS_ASSERTIONS = NO;
				ENABLE_STRICT_OBJC_MSGSEND = YES;
				GCC_C_LANGUAGE_STANDARD = gnu11;
				GCC_NO_COMMON_BLOCKS = YES;
				GCC_WARN_64_TO_32_BIT_CONVERSION = YES;
				GCC_WARN_ABOUT_RETURN_TYPE = YES_ERROR;
				GCC_WARN_UNDECLARED_SELECTOR = YES;
				GCC_WARN_UNINITIALIZED_AUTOS = YES_AGGRESSIVE;
				GCC_WARN_UNUSED_FUNCTION = YES;
				GCC_WARN_UNUSED_VARIABLE = YES;
				IPHONEOS_DEPLOYMENT_TARGET = 12.1;
				MTL_ENABLE_DEBUG_INFO = NO;
				MTL_FAST_MATH = YES;
				SDKROOT = iphoneos;
				SWIFT_COMPILATION_MODE = wholemodule;
				SWIFT_OPTIMIZATION_LEVEL = "-O";
				VALIDATE_PRODUCT = YES;
			};
			name = Release;
		};
		8300E8032225FF0C004DA31C /* Debug */ = {
			isa = XCBuildConfiguration;
			baseConfigurationReference = 642CFEBD14E025ACDF76CC6A /* Pods-Pocket3D.debug.xcconfig */;
			buildSettings = {
				ASSETCATALOG_COMPILER_APPICON_NAME = AppIcon;
				CODE_SIGN_STYLE = Automatic;
				DEVELOPMENT_TEAM = EKB2653XGR;
				INFOPLIST_FILE = Pocket3D/Info.plist;
				LD_RUNPATH_SEARCH_PATHS = (
					"$(inherited)",
					"@executable_path/Frameworks",
				);
				PRODUCT_BUNDLE_IDENTIFIER = utexas.cs371.Pocket3D;
				PRODUCT_NAME = "$(TARGET_NAME)";
				SWIFT_VERSION = 4.2;
				TARGETED_DEVICE_FAMILY = "1,2";
			};
			name = Debug;
		};
		8300E8042225FF0C004DA31C /* Release */ = {
			isa = XCBuildConfiguration;
			baseConfigurationReference = EAB6F072A660FDD343D6E992 /* Pods-Pocket3D.release.xcconfig */;
			buildSettings = {
				ASSETCATALOG_COMPILER_APPICON_NAME = AppIcon;
				CODE_SIGN_STYLE = Automatic;
				DEVELOPMENT_TEAM = EKB2653XGR;
				INFOPLIST_FILE = Pocket3D/Info.plist;
				LD_RUNPATH_SEARCH_PATHS = (
					"$(inherited)",
					"@executable_path/Frameworks",
				);
				PRODUCT_BUNDLE_IDENTIFIER = utexas.cs371.Pocket3D;
				PRODUCT_NAME = "$(TARGET_NAME)";
				SWIFT_VERSION = 4.2;
				TARGETED_DEVICE_FAMILY = "1,2";
			};
			name = Release;
		};
		8300E8062225FF0C004DA31C /* Debug */ = {
			isa = XCBuildConfiguration;
			baseConfigurationReference = CCA0722FDBF771048CF69280 /* Pods-Pocket3DTests.debug.xcconfig */;
			buildSettings = {
				ALWAYS_EMBED_SWIFT_STANDARD_LIBRARIES = YES;
				BUNDLE_LOADER = "$(TEST_HOST)";
				CODE_SIGN_STYLE = Automatic;
				DEVELOPMENT_TEAM = EKB2653XGR;
				INFOPLIST_FILE = Pocket3DTests/Info.plist;
				LD_RUNPATH_SEARCH_PATHS = (
					"$(inherited)",
					"@executable_path/Frameworks",
					"@loader_path/Frameworks",
				);
				PRODUCT_BUNDLE_IDENTIFIER = utexas.cs371.Pocket3DTests;
				PRODUCT_NAME = "$(TARGET_NAME)";
				SWIFT_VERSION = 4.2;
				TARGETED_DEVICE_FAMILY = "1,2";
				TEST_HOST = "$(BUILT_PRODUCTS_DIR)/Pocket3D.app/Pocket3D";
			};
			name = Debug;
		};
		8300E8072225FF0C004DA31C /* Release */ = {
			isa = XCBuildConfiguration;
			baseConfigurationReference = EE5BE617055E6F8A20F9E253 /* Pods-Pocket3DTests.release.xcconfig */;
			buildSettings = {
				ALWAYS_EMBED_SWIFT_STANDARD_LIBRARIES = YES;
				BUNDLE_LOADER = "$(TEST_HOST)";
				CODE_SIGN_STYLE = Automatic;
				DEVELOPMENT_TEAM = EKB2653XGR;
				INFOPLIST_FILE = Pocket3DTests/Info.plist;
				LD_RUNPATH_SEARCH_PATHS = (
					"$(inherited)",
					"@executable_path/Frameworks",
					"@loader_path/Frameworks",
				);
				PRODUCT_BUNDLE_IDENTIFIER = utexas.cs371.Pocket3DTests;
				PRODUCT_NAME = "$(TARGET_NAME)";
				SWIFT_VERSION = 4.2;
				TARGETED_DEVICE_FAMILY = "1,2";
				TEST_HOST = "$(BUILT_PRODUCTS_DIR)/Pocket3D.app/Pocket3D";
			};
			name = Release;
		};
		8300E8092225FF0C004DA31C /* Debug */ = {
			isa = XCBuildConfiguration;
			baseConfigurationReference = FF6A78D9265D9A6EB825877D /* Pods-Pocket3DUITests.debug.xcconfig */;
			buildSettings = {
				ALWAYS_EMBED_SWIFT_STANDARD_LIBRARIES = YES;
				CODE_SIGN_STYLE = Automatic;
				DEVELOPMENT_TEAM = EKB2653XGR;
				INFOPLIST_FILE = Pocket3DUITests/Info.plist;
				LD_RUNPATH_SEARCH_PATHS = (
					"$(inherited)",
					"@executable_path/Frameworks",
					"@loader_path/Frameworks",
				);
				PRODUCT_BUNDLE_IDENTIFIER = utexas.cs371.Pocket3DUITests;
				PRODUCT_NAME = "$(TARGET_NAME)";
				SWIFT_VERSION = 4.2;
				TARGETED_DEVICE_FAMILY = "1,2";
				TEST_TARGET_NAME = Pocket3D;
			};
			name = Debug;
		};
		8300E80A2225FF0C004DA31C /* Release */ = {
			isa = XCBuildConfiguration;
			baseConfigurationReference = 324C801A375BE291DD9C1A9F /* Pods-Pocket3DUITests.release.xcconfig */;
			buildSettings = {
				ALWAYS_EMBED_SWIFT_STANDARD_LIBRARIES = YES;
				CODE_SIGN_STYLE = Automatic;
				DEVELOPMENT_TEAM = EKB2653XGR;
				INFOPLIST_FILE = Pocket3DUITests/Info.plist;
				LD_RUNPATH_SEARCH_PATHS = (
					"$(inherited)",
					"@executable_path/Frameworks",
					"@loader_path/Frameworks",
				);
				PRODUCT_BUNDLE_IDENTIFIER = utexas.cs371.Pocket3DUITests;
				PRODUCT_NAME = "$(TARGET_NAME)";
				SWIFT_VERSION = 4.2;
				TARGETED_DEVICE_FAMILY = "1,2";
				TEST_TARGET_NAME = Pocket3D;
			};
			name = Release;
		};
/* End XCBuildConfiguration section */

/* Begin XCConfigurationList section */
		8300E7D12225FF0B004DA31C /* Build configuration list for PBXProject "Pocket3D" */ = {
			isa = XCConfigurationList;
			buildConfigurations = (
				8300E8002225FF0C004DA31C /* Debug */,
				8300E8012225FF0C004DA31C /* Release */,
			);
			defaultConfigurationIsVisible = 0;
			defaultConfigurationName = Release;
		};
		8300E8022225FF0C004DA31C /* Build configuration list for PBXNativeTarget "Pocket3D" */ = {
			isa = XCConfigurationList;
			buildConfigurations = (
				8300E8032225FF0C004DA31C /* Debug */,
				8300E8042225FF0C004DA31C /* Release */,
			);
			defaultConfigurationIsVisible = 0;
			defaultConfigurationName = Release;
		};
		8300E8052225FF0C004DA31C /* Build configuration list for PBXNativeTarget "Pocket3DTests" */ = {
			isa = XCConfigurationList;
			buildConfigurations = (
				8300E8062225FF0C004DA31C /* Debug */,
				8300E8072225FF0C004DA31C /* Release */,
			);
			defaultConfigurationIsVisible = 0;
			defaultConfigurationName = Release;
		};
		8300E8082225FF0C004DA31C /* Build configuration list for PBXNativeTarget "Pocket3DUITests" */ = {
			isa = XCConfigurationList;
			buildConfigurations = (
				8300E8092225FF0C004DA31C /* Debug */,
				8300E80A2225FF0C004DA31C /* Release */,
			);
			defaultConfigurationIsVisible = 0;
			defaultConfigurationName = Release;
		};
/* End XCConfigurationList section */
	};
	rootObject = 8300E7CE2225FF0B004DA31C /* Project object */;
}
